version = 1
revision = 1
requires-python = ">=3.9"
resolution-markers = [
    "python_full_version >= '3.10'",
    "python_full_version < '3.10'",
]

[[package]]
name = "biopython"
version = "1.85"
source = { registry = "https://pypi.org/simple" }
dependencies = [
    { name = "numpy", version = "2.0.2", source = { registry = "https://pypi.org/simple" }, marker = "python_full_version < '3.10'" },
    { name = "numpy", version = "2.2.4", source = { registry = "https://pypi.org/simple" }, marker = "python_full_version >= '3.10'" },
]
sdist = { url = "https://files.pythonhosted.org/packages/db/ca/1d5fab0fedaf5c2f376d9746d447cdce04241c433602c3861693361ce54c/biopython-1.85.tar.gz", hash = "sha256:5dafab74059de4e78f49f6b5684eddae6e7ce46f09cfa059c1d1339e8b1ea0a6", size = 19909902 }
wheels = [
    { url = "https://files.pythonhosted.org/packages/79/de/79824470fdc5c2aedeb1bab637d24eab654a7e9fbb7070f779fd944fd1ca/biopython-1.85-cp310-cp310-macosx_10_9_x86_64.whl", hash = "sha256:a6308053a61f3bdbb11504ece4cf24e264c6f1d6fad278f7e59e6b84b0d9a7b4", size = 2787511 },
    { url = "https://files.pythonhosted.org/packages/4b/d6/3c90df2ebc4f2a522235f4391392253e528f19f5fb6a52396a2316e17064/biopython-1.85-cp310-cp310-macosx_11_0_arm64.whl", hash = "sha256:434dd23e972b0c89e128f2ebbd16b38075d609184f4f1fd16368035f923019c2", size = 2765456 },
    { url = "https://files.pythonhosted.org/packages/ff/d7/34233c4ee906b088b199eb2af9c4107384a547d44b5960257ef2bf2cc3c8/biopython-1.85-cp310-cp310-manylinux_2_17_aarch64.manylinux2014_aarch64.whl", hash = "sha256:9a08d082e85778259a83501063871e00ba57336136403b75050eea14d523c00a", size = 3225137 },
    { url = "https://files.pythonhosted.org/packages/ae/6b/e7a5ae49ef7e8f81720593db22e884c1c8e3504e0e235da0395758a5c7d0/biopython-1.85-cp310-cp310-manylinux_2_17_x86_64.manylinux2014_x86_64.whl", hash = "sha256:d93464e629950e4df87d810125dc4e904538a4344b924f340908ea5bc95db986", size = 3245258 },
    { url = "https://files.pythonhosted.org/packages/68/2c/0035656dbe51ac0bbe81321172b43c37b38408f8d136abaac443e9f44b62/biopython-1.85-cp310-cp310-win32.whl", hash = "sha256:f2f45ab3f1e43fdaa697fd753148999090298623278097c19c2c3c0ba134e57c", size = 2786505 },
    { url = "https://files.pythonhosted.org/packages/32/a4/f20d5830dbd8654c13e763daef429fa32ef0b2b09749ac427d045cc81976/biopython-1.85-cp310-cp310-win_amd64.whl", hash = "sha256:7c8326cd2825ba166abecaf72843b9b15823affd6cec04fde65f0d2526767da4", size = 2820961 },
    { url = "https://files.pythonhosted.org/packages/c3/73/c3a1323a3fe0d07212b09c04fb903e2cbb98aebfbb58e55e8717473e1bc0/biopython-1.85-cp311-cp311-macosx_10_9_x86_64.whl", hash = "sha256:db8822adab0cd75a6e6ae845acf312addd8eab5f9b731c191454b961fc2c2cdc", size = 2787585 },
    { url = "https://files.pythonhosted.org/packages/ff/cf/299524e896fa49beb7588143e1509cce4848572215ebafb8eea83a861820/biopython-1.85-cp311-cp311-macosx_11_0_arm64.whl", hash = "sha256:8e2bbe58cc1a592b239ef6d68396745d3fbfaafc668ce38283871d8ff070dbab", size = 2765608 },
    { url = "https://files.pythonhosted.org/packages/b1/dd/be3e95b72a35ee6d52c84412e15af828951e5c69175080d4619985fd54ce/biopython-1.85-cp311-cp311-manylinux_2_17_aarch64.manylinux2014_aarch64.whl", hash = "sha256:5916eb56df7ecd4a3babc07a48d4894c40cfb45dc18ccda1c148d0131017ce04", size = 3237552 },
    { url = "https://files.pythonhosted.org/packages/25/9c/612821b946930b6caa5d795cfe4169ed6a522562eced9776914be7efaf21/biopython-1.85-cp311-cp311-manylinux_2_17_x86_64.manylinux2014_x86_64.whl", hash = "sha256:b0cec8833bf3036049129944ee5382dd576dac9670c3814ff2314b52aa94f199", size = 3257287 },
    { url = "https://files.pythonhosted.org/packages/a1/77/316e51dd42fd8225429574a268bdc627ce4f42067a3976c4c8c457a42023/biopython-1.85-cp311-cp311-win32.whl", hash = "sha256:cf88a4c8d8af13138be115949639a5e4a201618185a72ff09adbe175b7946b28", size = 2786411 },
    { url = "https://files.pythonhosted.org/packages/f2/11/3c4e8c049b91998bbbd51ddebc6f790b1aa66211babfbf5ff008a72fb1f9/biopython-1.85-cp311-cp311-win_amd64.whl", hash = "sha256:d3c99db65d57ae4fc5034e42ac6cd8ddce069e664903f04c8a4f684d7609d6fa", size = 2820912 },
    { url = "https://files.pythonhosted.org/packages/a3/25/e46f05359df7f0049c3adc5eaeb9aee0f5fbde1d959d05c78eb1de8f4d12/biopython-1.85-cp312-cp312-macosx_10_9_x86_64.whl", hash = "sha256:cc5b981b9e3060db7c355b6145dfe3ce0b6572e1601b31211f6d742b10543874", size = 2789327 },
    { url = "https://files.pythonhosted.org/packages/54/5b/8b3b029c94c63ab4c1781d141615b4a837e658422381d460c5573d5d8262/biopython-1.85-cp312-cp312-macosx_11_0_arm64.whl", hash = "sha256:6fe47d704c2d3afac99aeb461219ec5f00273120d2d99835dc0a9a617f520141", size = 2765805 },
    { url = "https://files.pythonhosted.org/packages/69/0a/9a8a38eff03c4607b9cec8d0e08c76b346b1cee1f77bc6d00efebfc7ec83/biopython-1.85-cp312-cp312-manylinux_2_17_aarch64.manylinux2014_aarch64.whl", hash = "sha256:e54e495239e623660ad367498c2f7a1a294b1997ba603f2ceafb36fd18f0eba6", size = 3249276 },
    { url = "https://files.pythonhosted.org/packages/b4/0d/b7a0f10f5100dcf51ae36ba31490169bfa45617323bd82af43e1fb0098fb/biopython-1.85-cp312-cp312-manylinux_2_17_x86_64.manylinux2014_x86_64.whl", hash = "sha256:d024ad48997ad53d53a77da24b072aaba8a550bd816af8f2e7e606a9918a3b43", size = 3268869 },
    { url = "https://files.pythonhosted.org/packages/07/51/646a4b7bdb4c1153786a70d33588ed09178bfcdda0542dfdc976294f4312/biopython-1.85-cp312-cp312-win32.whl", hash = "sha256:6985e17a2911defcbd30275a12f5ed5de2765e4bc91a60439740d572fdbfdf43", size = 2787011 },
    { url = "https://files.pythonhosted.org/packages/c1/84/c583fa2ac6e7d392d24ebdc5c99e95e517507de22cf143efb6cf1fc93ff5/biopython-1.85-cp312-cp312-win_amd64.whl", hash = "sha256:d6f8efb2db03f2ec115c5e8c764dbadf635e0c9ecd4c0e91fc8216c1b62f85f5", size = 2820972 },
    { url = "https://files.pythonhosted.org/packages/c3/3f/65814bf221f0bfdd2633830e573ac8594794686f54110571dce98cc32fd3/biopython-1.85-cp313-cp313-macosx_10_13_x86_64.whl", hash = "sha256:bae6f17262f20e9587d419ba5683e9dc93a31ee1858b98fa0cff203694d5b786", size = 2789844 },
    { url = "https://files.pythonhosted.org/packages/be/61/1443ce34226e261c20ae4a154b2bab72c109cf31415c92c54c1aada36b00/biopython-1.85-cp313-cp313-macosx_11_0_arm64.whl", hash = "sha256:b1e4918e6399ab0183dd863527fec18b53b7c61b6f0ef95db84b4adfa430ce75", size = 2765767 },
    { url = "https://files.pythonhosted.org/packages/53/51/bec4c763c704e2715691bb087cfab5907804a1bbef5873588698cece1a30/biopython-1.85-cp313-cp313-manylinux_2_17_aarch64.manylinux2014_aarch64.whl", hash = "sha256:86e487b6fe0f20a2b0138cb53f3d4dc26a7e4060ac4cb6fb1d19e194d445ef46", size = 3248867 },
    { url = "https://files.pythonhosted.org/packages/9e/a4/552f20253a7c95988067c4955831bd17dd9b864fd5c215d15c2f63f2d415/biopython-1.85-cp313-cp313-manylinux_2_17_x86_64.manylinux2014_x86_64.whl", hash = "sha256:327184048b5a50634ae0970119bcb8a35b76d7cefb2658a01f772915f2fb7686", size = 3268479 },
    { url = "https://files.pythonhosted.org/packages/97/f4/6dfc6ef3e0997f792f93893551d4a9bf7f6052a70d34f4e1b1e5e4a359f6/biopython-1.85-cp313-cp313-manylinux_2_5_i686.manylinux1_i686.manylinux_2_17_i686.manylinux2014_i686.whl", hash = "sha256:66b08905fb1b3f5194f908aaf04bbad474c4e3eaebad6d9f889a04e64dd1faf4", size = 3192338 },
    { url = "https://files.pythonhosted.org/packages/9d/8c/73da6588fab3a7d734118f21ac619c0a949f51d3cf7b1b8343d175c33460/biopython-1.85-cp313-cp313-win32.whl", hash = "sha256:5a236ab1e2797c7dcf1577d80fdaafabead2908bc338eaed0aa1509dab769fef", size = 2787017 },
    { url = "https://files.pythonhosted.org/packages/60/ff/fe8f03ac0ccc7219e0959010750c6ac1a5b1411c91c7f4ec3a37d8313673/biopython-1.85-cp313-cp313-win_amd64.whl", hash = "sha256:1b61593765e9ebdb71d73307d55fd4b46eb976608d329ae6803c084d90ed34c7", size = 2821012 },
    { url = "https://files.pythonhosted.org/packages/b3/04/9bdf0003913803d3d2239785f0f53875694dd441bd5e1a8c1581cab37747/biopython-1.85-cp39-cp39-macosx_10_9_x86_64.whl", hash = "sha256:d76e44b46f555da2e72ac36e757efd327f7f5f690e9f00ede6f723b48538b6d5", size = 2787519 },
    { url = "https://files.pythonhosted.org/packages/a4/9b/bef7dd17980eb4625c3c69411d3273e9b45d83dc7e2f1c63719607fa1026/biopython-1.85-cp39-cp39-macosx_11_0_arm64.whl", hash = "sha256:8469095907a17f156c76b6644829227efdf4996164f7726e6f4ca15039329776", size = 2765442 },
    { url = "https://files.pythonhosted.org/packages/94/49/20f55dcfcc5487d84a6a4c84b59bcfb7ae2610f7370847b07e63e0f79cc6/biopython-1.85-cp39-cp39-manylinux_2_17_aarch64.manylinux2014_aarch64.whl", hash = "sha256:cffc15ac46688cd4cf662b24d03037234ce00b571df67be45a942264f101f990", size = 3223396 },
    { url = "https://files.pythonhosted.org/packages/80/5a/6ba0066b7f38b9e7a085f2fc4c171a25ebfa64202aab0965961621f561e1/biopython-1.85-cp39-cp39-manylinux_2_17_x86_64.manylinux2014_x86_64.whl", hash = "sha256:9a630b3804f6c3fcae2f9b7485d7a05425e143fc570f25babbc5a4b3d3db00d7", size = 3243475 },
    { url = "https://files.pythonhosted.org/packages/90/1d/a38a9a61abd4a917fb9b95698971914d722e75027885bdb957b0fe757cd5/biopython-1.85-cp39-cp39-win32.whl", hash = "sha256:0ffb03cd982cb3a79326b84e789f2093880175c44eea10f3030c632f98de24f6", size = 2786482 },
    { url = "https://files.pythonhosted.org/packages/4a/46/9cb732167a3ce4fd40920d1bec444d1739aaf18b58190f2fab8692fcaba5/biopython-1.85-cp39-cp39-win_amd64.whl", hash = "sha256:8208bf2d87ade066fafe9a63a2eb77486c233bc1bdda2cbf721ebee54715f1bf", size = 2820941 },
]

[[package]]
name = "colorama"
version = "0.4.6"
source = { registry = "https://pypi.org/simple" }
sdist = { url = "https://files.pythonhosted.org/packages/d8/53/6f443c9a4a8358a93a6792e2acffb9d9d5cb0a5cfd8802644b7b1c9a02e4/colorama-0.4.6.tar.gz", hash = "sha256:08695f5cb7ed6e0531a20572697297273c47b8cae5a63ffc6d6ed5c201be6e44", size = 27697 }
wheels = [
    { url = "https://files.pythonhosted.org/packages/d1/d6/3965ed04c63042e047cb6a3e6ed1a63a35087b6a609aa3a15ed8ac56c221/colorama-0.4.6-py2.py3-none-any.whl", hash = "sha256:4f1d9991f5acc0ca119f9d443620b77f9d6b33703e51011c16baf57afb285fc6", size = 25335 },
]

[[package]]
name = "dockq-iso"
version = "2.2"
source = { editable = "." }
dependencies = [
    { name = "biopython" },
    { name = "networkx", version = "3.2.1", source = { registry = "https://pypi.org/simple" }, marker = "python_full_version < '3.10'" },
    { name = "networkx", version = "3.4.2", source = { registry = "https://pypi.org/simple" }, marker = "python_full_version >= '3.10'" },
    { name = "parallelbar" },
]

[package.metadata]
requires-dist = [
    { name = "biopython", specifier = ">=1.79" },
    { name = "networkx" },
    { name = "parallelbar" },
]

[[package]]
name = "networkx"
version = "3.2.1"
source = { registry = "https://pypi.org/simple" }
resolution-markers = [
    "python_full_version < '3.10'",
]
sdist = { url = "https://files.pythonhosted.org/packages/c4/80/a84676339aaae2f1cfdf9f418701dd634aef9cc76f708ef55c36ff39c3ca/networkx-3.2.1.tar.gz", hash = "sha256:9f1bb5cf3409bf324e0a722c20bdb4c20ee39bf1c30ce8ae499c8502b0b5e0c6", size = 2073928 }
wheels = [
    { url = "https://files.pythonhosted.org/packages/d5/f0/8fbc882ca80cf077f1b246c0e3c3465f7f415439bdea6b899f6b19f61f70/networkx-3.2.1-py3-none-any.whl", hash = "sha256:f18c69adc97877c42332c170849c96cefa91881c99a7cb3e95b7c659ebdc1ec2", size = 1647772 },
]

[[package]]
name = "networkx"
version = "3.4.2"
source = { registry = "https://pypi.org/simple" }
resolution-markers = [
    "python_full_version >= '3.10'",
]
sdist = { url = "https://files.pythonhosted.org/packages/fd/1d/06475e1cd5264c0b870ea2cc6fdb3e37177c1e565c43f56ff17a10e3937f/networkx-3.4.2.tar.gz", hash = "sha256:307c3669428c5362aab27c8a1260aa8f47c4e91d3891f48be0141738d8d053e1", size = 2151368 }
wheels = [
    { url = "https://files.pythonhosted.org/packages/b9/54/dd730b32ea14ea797530a4479b2ed46a6fb250f682a9cfb997e968bf0261/networkx-3.4.2-py3-none-any.whl", hash = "sha256:df5d4365b724cf81b8c6a7312509d0c22386097011ad1abe274afd5e9d3bbc5f", size = 1723263 },
]

[[package]]
name = "numpy"
version = "2.0.2"
source = { registry = "https://pypi.org/simple" }
resolution-markers = [
    "python_full_version < '3.10'",
]
sdist = { url = "https://files.pythonhosted.org/packages/a9/75/10dd1f8116a8b796cb2c737b674e02d02e80454bda953fa7e65d8c12b016/numpy-2.0.2.tar.gz", hash = "sha256:883c987dee1880e2a864ab0dc9892292582510604156762362d9326444636e78", size = 18902015 }
wheels = [
    { url = "https://files.pythonhosted.org/packages/21/91/3495b3237510f79f5d81f2508f9f13fea78ebfdf07538fc7444badda173d/numpy-2.0.2-cp310-cp310-macosx_10_9_x86_64.whl", hash = "sha256:51129a29dbe56f9ca83438b706e2e69a39892b5eda6cedcb6b0c9fdc9b0d3ece", size = 21165245 },
    { url = "https://files.pythonhosted.org/packages/05/33/26178c7d437a87082d11019292dce6d3fe6f0e9026b7b2309cbf3e489b1d/numpy-2.0.2-cp310-cp310-macosx_11_0_arm64.whl", hash = "sha256:f15975dfec0cf2239224d80e32c3170b1d168335eaedee69da84fbe9f1f9cd04", size = 13738540 },
    { url = "https://files.pythonhosted.org/packages/ec/31/cc46e13bf07644efc7a4bf68df2df5fb2a1a88d0cd0da9ddc84dc0033e51/numpy-2.0.2-cp310-cp310-macosx_14_0_arm64.whl", hash = "sha256:8c5713284ce4e282544c68d1c3b2c7161d38c256d2eefc93c1d683cf47683e66", size = 5300623 },
    { url = "https://files.pythonhosted.org/packages/6e/16/7bfcebf27bb4f9d7ec67332ffebee4d1bf085c84246552d52dbb548600e7/numpy-2.0.2-cp310-cp310-macosx_14_0_x86_64.whl", hash = "sha256:becfae3ddd30736fe1889a37f1f580e245ba79a5855bff5f2a29cb3ccc22dd7b", size = 6901774 },
    { url = "https://files.pythonhosted.org/packages/f9/a3/561c531c0e8bf082c5bef509d00d56f82e0ea7e1e3e3a7fc8fa78742a6e5/numpy-2.0.2-cp310-cp310-manylinux_2_17_aarch64.manylinux2014_aarch64.whl", hash = "sha256:2da5960c3cf0df7eafefd806d4e612c5e19358de82cb3c343631188991566ccd", size = 13907081 },
    { url = "https://files.pythonhosted.org/packages/fa/66/f7177ab331876200ac7563a580140643d1179c8b4b6a6b0fc9838de2a9b8/numpy-2.0.2-cp310-cp310-manylinux_2_17_x86_64.manylinux2014_x86_64.whl", hash = "sha256:496f71341824ed9f3d2fd36cf3ac57ae2e0165c143b55c3a035ee219413f3318", size = 19523451 },
    { url = "https://files.pythonhosted.org/packages/25/7f/0b209498009ad6453e4efc2c65bcdf0ae08a182b2b7877d7ab38a92dc542/numpy-2.0.2-cp310-cp310-musllinux_1_1_x86_64.whl", hash = "sha256:a61ec659f68ae254e4d237816e33171497e978140353c0c2038d46e63282d0c8", size = 19927572 },
    { url = "https://files.pythonhosted.org/packages/3e/df/2619393b1e1b565cd2d4c4403bdd979621e2c4dea1f8532754b2598ed63b/numpy-2.0.2-cp310-cp310-musllinux_1_2_aarch64.whl", hash = "sha256:d731a1c6116ba289c1e9ee714b08a8ff882944d4ad631fd411106a30f083c326", size = 14400722 },
    { url = "https://files.pythonhosted.org/packages/22/ad/77e921b9f256d5da36424ffb711ae79ca3f451ff8489eeca544d0701d74a/numpy-2.0.2-cp310-cp310-win32.whl", hash = "sha256:984d96121c9f9616cd33fbd0618b7f08e0cfc9600a7ee1d6fd9b239186d19d97", size = 6472170 },
    { url = "https://files.pythonhosted.org/packages/10/05/3442317535028bc29cf0c0dd4c191a4481e8376e9f0db6bcf29703cadae6/numpy-2.0.2-cp310-cp310-win_amd64.whl", hash = "sha256:c7b0be4ef08607dd04da4092faee0b86607f111d5ae68036f16cc787e250a131", size = 15905558 },
    { url = "https://files.pythonhosted.org/packages/8b/cf/034500fb83041aa0286e0fb16e7c76e5c8b67c0711bb6e9e9737a717d5fe/numpy-2.0.2-cp311-cp311-macosx_10_9_x86_64.whl", hash = "sha256:49ca4decb342d66018b01932139c0961a8f9ddc7589611158cb3c27cbcf76448", size = 21169137 },
    { url = "https://files.pythonhosted.org/packages/4a/d9/32de45561811a4b87fbdee23b5797394e3d1504b4a7cf40c10199848893e/numpy-2.0.2-cp311-cp311-macosx_11_0_arm64.whl", hash = "sha256:11a76c372d1d37437857280aa142086476136a8c0f373b2e648ab2c8f18fb195", size = 13703552 },
    { url = "https://files.pythonhosted.org/packages/c1/ca/2f384720020c7b244d22508cb7ab23d95f179fcfff33c31a6eeba8d6c512/numpy-2.0.2-cp311-cp311-macosx_14_0_arm64.whl", hash = "sha256:807ec44583fd708a21d4a11d94aedf2f4f3c3719035c76a2bbe1fe8e217bdc57", size = 5298957 },
    { url = "https://files.pythonhosted.org/packages/0e/78/a3e4f9fb6aa4e6fdca0c5428e8ba039408514388cf62d89651aade838269/numpy-2.0.2-cp311-cp311-macosx_14_0_x86_64.whl", hash = "sha256:8cafab480740e22f8d833acefed5cc87ce276f4ece12fdaa2e8903db2f82897a", size = 6905573 },
    { url = "https://files.pythonhosted.org/packages/a0/72/cfc3a1beb2caf4efc9d0b38a15fe34025230da27e1c08cc2eb9bfb1c7231/numpy-2.0.2-cp311-cp311-manylinux_2_17_aarch64.manylinux2014_aarch64.whl", hash = "sha256:a15f476a45e6e5a3a79d8a14e62161d27ad897381fecfa4a09ed5322f2085669", size = 13914330 },
    { url = "https://files.pythonhosted.org/packages/ba/a8/c17acf65a931ce551fee11b72e8de63bf7e8a6f0e21add4c937c83563538/numpy-2.0.2-cp311-cp311-manylinux_2_17_x86_64.manylinux2014_x86_64.whl", hash = "sha256:13e689d772146140a252c3a28501da66dfecd77490b498b168b501835041f951", size = 19534895 },
    { url = "https://files.pythonhosted.org/packages/ba/86/8767f3d54f6ae0165749f84648da9dcc8cd78ab65d415494962c86fac80f/numpy-2.0.2-cp311-cp311-musllinux_1_1_x86_64.whl", hash = "sha256:9ea91dfb7c3d1c56a0e55657c0afb38cf1eeae4544c208dc465c3c9f3a7c09f9", size = 19937253 },
    { url = "https://files.pythonhosted.org/packages/df/87/f76450e6e1c14e5bb1eae6836478b1028e096fd02e85c1c37674606ab752/numpy-2.0.2-cp311-cp311-musllinux_1_2_aarch64.whl", hash = "sha256:c1c9307701fec8f3f7a1e6711f9089c06e6284b3afbbcd259f7791282d660a15", size = 14414074 },
    { url = "https://files.pythonhosted.org/packages/5c/ca/0f0f328e1e59f73754f06e1adfb909de43726d4f24c6a3f8805f34f2b0fa/numpy-2.0.2-cp311-cp311-win32.whl", hash = "sha256:a392a68bd329eafac5817e5aefeb39038c48b671afd242710b451e76090e81f4", size = 6470640 },
    { url = "https://files.pythonhosted.org/packages/eb/57/3a3f14d3a759dcf9bf6e9eda905794726b758819df4663f217d658a58695/numpy-2.0.2-cp311-cp311-win_amd64.whl", hash = "sha256:286cd40ce2b7d652a6f22efdfc6d1edf879440e53e76a75955bc0c826c7e64dc", size = 15910230 },
    { url = "https://files.pythonhosted.org/packages/45/40/2e117be60ec50d98fa08c2f8c48e09b3edea93cfcabd5a9ff6925d54b1c2/numpy-2.0.2-cp312-cp312-macosx_10_9_x86_64.whl", hash = "sha256:df55d490dea7934f330006d0f81e8551ba6010a5bf035a249ef61a94f21c500b", size = 20895803 },
    { url = "https://files.pythonhosted.org/packages/46/92/1b8b8dee833f53cef3e0a3f69b2374467789e0bb7399689582314df02651/numpy-2.0.2-cp312-cp312-macosx_11_0_arm64.whl", hash = "sha256:8df823f570d9adf0978347d1f926b2a867d5608f434a7cff7f7908c6570dcf5e", size = 13471835 },
    { url = "https://files.pythonhosted.org/packages/7f/19/e2793bde475f1edaea6945be141aef6c8b4c669b90c90a300a8954d08f0a/numpy-2.0.2-cp312-cp312-macosx_14_0_arm64.whl", hash = "sha256:9a92ae5c14811e390f3767053ff54eaee3bf84576d99a2456391401323f4ec2c", size = 5038499 },
    { url = "https://files.pythonhosted.org/packages/e3/ff/ddf6dac2ff0dd50a7327bcdba45cb0264d0e96bb44d33324853f781a8f3c/numpy-2.0.2-cp312-cp312-macosx_14_0_x86_64.whl", hash = "sha256:a842d573724391493a97a62ebbb8e731f8a5dcc5d285dfc99141ca15a3302d0c", size = 6633497 },
    { url = "https://files.pythonhosted.org/packages/72/21/67f36eac8e2d2cd652a2e69595a54128297cdcb1ff3931cfc87838874bd4/numpy-2.0.2-cp312-cp312-manylinux_2_17_aarch64.manylinux2014_aarch64.whl", hash = "sha256:c05e238064fc0610c840d1cf6a13bf63d7e391717d247f1bf0318172e759e692", size = 13621158 },
    { url = "https://files.pythonhosted.org/packages/39/68/e9f1126d757653496dbc096cb429014347a36b228f5a991dae2c6b6cfd40/numpy-2.0.2-cp312-cp312-manylinux_2_17_x86_64.manylinux2014_x86_64.whl", hash = "sha256:0123ffdaa88fa4ab64835dcbde75dcdf89c453c922f18dced6e27c90d1d0ec5a", size = 19236173 },
    { url = "https://files.pythonhosted.org/packages/d1/e9/1f5333281e4ebf483ba1c888b1d61ba7e78d7e910fdd8e6499667041cc35/numpy-2.0.2-cp312-cp312-musllinux_1_1_x86_64.whl", hash = "sha256:96a55f64139912d61de9137f11bf39a55ec8faec288c75a54f93dfd39f7eb40c", size = 19634174 },
    { url = "https://files.pythonhosted.org/packages/71/af/a469674070c8d8408384e3012e064299f7a2de540738a8e414dcfd639996/numpy-2.0.2-cp312-cp312-musllinux_1_2_aarch64.whl", hash = "sha256:ec9852fb39354b5a45a80bdab5ac02dd02b15f44b3804e9f00c556bf24b4bded", size = 14099701 },
    { url = "https://files.pythonhosted.org/packages/d0/3d/08ea9f239d0e0e939b6ca52ad403c84a2bce1bde301a8eb4888c1c1543f1/numpy-2.0.2-cp312-cp312-win32.whl", hash = "sha256:671bec6496f83202ed2d3c8fdc486a8fc86942f2e69ff0e986140339a63bcbe5", size = 6174313 },
    { url = "https://files.pythonhosted.org/packages/b2/b5/4ac39baebf1fdb2e72585c8352c56d063b6126be9fc95bd2bb5ef5770c20/numpy-2.0.2-cp312-cp312-win_amd64.whl", hash = "sha256:cfd41e13fdc257aa5778496b8caa5e856dc4896d4ccf01841daee1d96465467a", size = 15606179 },
    { url = "https://files.pythonhosted.org/packages/43/c1/41c8f6df3162b0c6ffd4437d729115704bd43363de0090c7f913cfbc2d89/numpy-2.0.2-cp39-cp39-macosx_10_9_x86_64.whl", hash = "sha256:9059e10581ce4093f735ed23f3b9d283b9d517ff46009ddd485f1747eb22653c", size = 21169942 },
    { url = "https://files.pythonhosted.org/packages/39/bc/fd298f308dcd232b56a4031fd6ddf11c43f9917fbc937e53762f7b5a3bb1/numpy-2.0.2-cp39-cp39-macosx_11_0_arm64.whl", hash = "sha256:423e89b23490805d2a5a96fe40ec507407b8ee786d66f7328be214f9679df6dd", size = 13711512 },
    { url = "https://files.pythonhosted.org/packages/96/ff/06d1aa3eeb1c614eda245c1ba4fb88c483bee6520d361641331872ac4b82/numpy-2.0.2-cp39-cp39-macosx_14_0_arm64.whl", hash = "sha256:2b2955fa6f11907cf7a70dab0d0755159bca87755e831e47932367fc8f2f2d0b", size = 5306976 },
    { url = "https://files.pythonhosted.org/packages/2d/98/121996dcfb10a6087a05e54453e28e58694a7db62c5a5a29cee14c6e047b/numpy-2.0.2-cp39-cp39-macosx_14_0_x86_64.whl", hash = "sha256:97032a27bd9d8988b9a97a8c4d2c9f2c15a81f61e2f21404d7e8ef00cb5be729", size = 6906494 },
    { url = "https://files.pythonhosted.org/packages/15/31/9dffc70da6b9bbf7968f6551967fc21156207366272c2a40b4ed6008dc9b/numpy-2.0.2-cp39-cp39-manylinux_2_17_aarch64.manylinux2014_aarch64.whl", hash = "sha256:1e795a8be3ddbac43274f18588329c72939870a16cae810c2b73461c40718ab1", size = 13912596 },
    { url = "https://files.pythonhosted.org/packages/b9/14/78635daab4b07c0930c919d451b8bf8c164774e6a3413aed04a6d95758ce/numpy-2.0.2-cp39-cp39-manylinux_2_17_x86_64.manylinux2014_x86_64.whl", hash = "sha256:f26b258c385842546006213344c50655ff1555a9338e2e5e02a0756dc3e803dd", size = 19526099 },
    { url = "https://files.pythonhosted.org/packages/26/4c/0eeca4614003077f68bfe7aac8b7496f04221865b3a5e7cb230c9d055afd/numpy-2.0.2-cp39-cp39-musllinux_1_1_x86_64.whl", hash = "sha256:5fec9451a7789926bcf7c2b8d187292c9f93ea30284802a0ab3f5be8ab36865d", size = 19932823 },
    { url = "https://files.pythonhosted.org/packages/f1/46/ea25b98b13dccaebddf1a803f8c748680d972e00507cd9bc6dcdb5aa2ac1/numpy-2.0.2-cp39-cp39-musllinux_1_2_aarch64.whl", hash = "sha256:9189427407d88ff25ecf8f12469d4d39d35bee1db5d39fc5c168c6f088a6956d", size = 14404424 },
    { url = "https://files.pythonhosted.org/packages/c8/a6/177dd88d95ecf07e722d21008b1b40e681a929eb9e329684d449c36586b2/numpy-2.0.2-cp39-cp39-win32.whl", hash = "sha256:905d16e0c60200656500c95b6b8dca5d109e23cb24abc701d41c02d74c6b3afa", size = 6476809 },
    { url = "https://files.pythonhosted.org/packages/ea/2b/7fc9f4e7ae5b507c1a3a21f0f15ed03e794c1242ea8a242ac158beb56034/numpy-2.0.2-cp39-cp39-win_amd64.whl", hash = "sha256:a3f4ab0caa7f053f6797fcd4e1e25caee367db3112ef2b6ef82d749530768c73", size = 15911314 },
    { url = "https://files.pythonhosted.org/packages/8f/3b/df5a870ac6a3be3a86856ce195ef42eec7ae50d2a202be1f5a4b3b340e14/numpy-2.0.2-pp39-pypy39_pp73-macosx_10_9_x86_64.whl", hash = "sha256:7f0a0c6f12e07fa94133c8a67404322845220c06a9e80e85999afe727f7438b8", size = 21025288 },
    { url = "https://files.pythonhosted.org/packages/2c/97/51af92f18d6f6f2d9ad8b482a99fb74e142d71372da5d834b3a2747a446e/numpy-2.0.2-pp39-pypy39_pp73-macosx_14_0_x86_64.whl", hash = "sha256:312950fdd060354350ed123c0e25a71327d3711584beaef30cdaa93320c392d4", size = 6762793 },
    { url = "https://files.pythonhosted.org/packages/12/46/de1fbd0c1b5ccaa7f9a005b66761533e2f6a3e560096682683a223631fe9/numpy-2.0.2-pp39-pypy39_pp73-manylinux_2_17_x86_64.manylinux2014_x86_64.whl", hash = "sha256:26df23238872200f63518dd2aa984cfca675d82469535dc7162dc2ee52d9dd5c", size = 19334885 },
    { url = "https://files.pythonhosted.org/packages/cc/dc/d330a6faefd92b446ec0f0dfea4c3207bb1fef3c4771d19cf4543efd2c78/numpy-2.0.2-pp39-pypy39_pp73-win_amd64.whl", hash = "sha256:a46288ec55ebbd58947d31d72be2c63cbf839f0a63b49cb755022310792a3385", size = 15828784 },
]

[[package]]
name = "numpy"
version = "2.2.4"
source = { registry = "https://pypi.org/simple" }
resolution-markers = [
    "python_full_version >= '3.10'",
]
sdist = { url = "https://files.pythonhosted.org/packages/e1/78/31103410a57bc2c2b93a3597340a8119588571f6a4539067546cb9a0bfac/numpy-2.2.4.tar.gz", hash = "sha256:9ba03692a45d3eef66559efe1d1096c4b9b75c0986b5dff5530c378fb8331d4f", size = 20270701 }
wheels = [
    { url = "https://files.pythonhosted.org/packages/04/89/a79e86e5c1433926ed7d60cb267fb64aa578b6101ab645800fd43b4801de/numpy-2.2.4-cp310-cp310-macosx_10_9_x86_64.whl", hash = "sha256:8146f3550d627252269ac42ae660281d673eb6f8b32f113538e0cc2a9aed42b9", size = 21250661 },
    { url = "https://files.pythonhosted.org/packages/79/c2/f50921beb8afd60ed9589ad880332cfefdb805422210d327fb48f12b7a81/numpy-2.2.4-cp310-cp310-macosx_11_0_arm64.whl", hash = "sha256:e642d86b8f956098b564a45e6f6ce68a22c2c97a04f5acd3f221f57b8cb850ae", size = 14389926 },
    { url = "https://files.pythonhosted.org/packages/c7/b9/2c4e96130b0b0f97b0ef4a06d6dae3b39d058b21a5e2fa2decd7fd6b1c8f/numpy-2.2.4-cp310-cp310-macosx_14_0_arm64.whl", hash = "sha256:a84eda42bd12edc36eb5b53bbcc9b406820d3353f1994b6cfe453a33ff101775", size = 5428329 },
    { url = "https://files.pythonhosted.org/packages/7f/a5/3d7094aa898f4fc5c84cdfb26beeae780352d43f5d8bdec966c4393d644c/numpy-2.2.4-cp310-cp310-macosx_14_0_x86_64.whl", hash = "sha256:4ba5054787e89c59c593a4169830ab362ac2bee8a969249dc56e5d7d20ff8df9", size = 6963559 },
    { url = "https://files.pythonhosted.org/packages/4c/22/fb1be710a14434c09080dd4a0acc08939f612ec02efcb04b9e210474782d/numpy-2.2.4-cp310-cp310-manylinux_2_17_aarch64.manylinux2014_aarch64.whl", hash = "sha256:7716e4a9b7af82c06a2543c53ca476fa0b57e4d760481273e09da04b74ee6ee2", size = 14368066 },
    { url = "https://files.pythonhosted.org/packages/c2/07/2e5cc71193e3ef3a219ffcf6ca4858e46ea2be09c026ddd480d596b32867/numpy-2.2.4-cp310-cp310-manylinux_2_17_x86_64.manylinux2014_x86_64.whl", hash = "sha256:adf8c1d66f432ce577d0197dceaac2ac00c0759f573f28516246351c58a85020", size = 16417040 },
    { url = "https://files.pythonhosted.org/packages/1a/97/3b1537776ad9a6d1a41813818343745e8dd928a2916d4c9edcd9a8af1dac/numpy-2.2.4-cp310-cp310-musllinux_1_2_aarch64.whl", hash = "sha256:218f061d2faa73621fa23d6359442b0fc658d5b9a70801373625d958259eaca3", size = 15879862 },
    { url = "https://files.pythonhosted.org/packages/b0/b7/4472f603dd45ef36ff3d8e84e84fe02d9467c78f92cc121633dce6da307b/numpy-2.2.4-cp310-cp310-musllinux_1_2_x86_64.whl", hash = "sha256:df2f57871a96bbc1b69733cd4c51dc33bea66146b8c63cacbfed73eec0883017", size = 18206032 },
    { url = "https://files.pythonhosted.org/packages/0d/bd/6a092963fb82e6c5aa0d0440635827bbb2910da229545473bbb58c537ed3/numpy-2.2.4-cp310-cp310-win32.whl", hash = "sha256:a0258ad1f44f138b791327961caedffbf9612bfa504ab9597157806faa95194a", size = 6608517 },
    { url = "https://files.pythonhosted.org/packages/01/e3/cb04627bc2a1638948bc13e818df26495aa18e20d5be1ed95ab2b10b6847/numpy-2.2.4-cp310-cp310-win_amd64.whl", hash = "sha256:0d54974f9cf14acf49c60f0f7f4084b6579d24d439453d5fc5805d46a165b542", size = 12943498 },
    { url = "https://files.pythonhosted.org/packages/16/fb/09e778ee3a8ea0d4dc8329cca0a9c9e65fed847d08e37eba74cb7ed4b252/numpy-2.2.4-cp311-cp311-macosx_10_9_x86_64.whl", hash = "sha256:e9e0a277bb2eb5d8a7407e14688b85fd8ad628ee4e0c7930415687b6564207a4", size = 21254989 },
    { url = "https://files.pythonhosted.org/packages/a2/0a/1212befdbecab5d80eca3cde47d304cad986ad4eec7d85a42e0b6d2cc2ef/numpy-2.2.4-cp311-cp311-macosx_11_0_arm64.whl", hash = "sha256:9eeea959168ea555e556b8188da5fa7831e21d91ce031e95ce23747b7609f8a4", size = 14425910 },
    { url = "https://files.pythonhosted.org/packages/2b/3e/e7247c1d4f15086bb106c8d43c925b0b2ea20270224f5186fa48d4fb5cbd/numpy-2.2.4-cp311-cp311-macosx_14_0_arm64.whl", hash = "sha256:bd3ad3b0a40e713fc68f99ecfd07124195333f1e689387c180813f0e94309d6f", size = 5426490 },
    { url = "https://files.pythonhosted.org/packages/5d/fa/aa7cd6be51419b894c5787a8a93c3302a1ed4f82d35beb0613ec15bdd0e2/numpy-2.2.4-cp311-cp311-macosx_14_0_x86_64.whl", hash = "sha256:cf28633d64294969c019c6df4ff37f5698e8326db68cc2b66576a51fad634880", size = 6967754 },
    { url = "https://files.pythonhosted.org/packages/d5/ee/96457c943265de9fadeb3d2ffdbab003f7fba13d971084a9876affcda095/numpy-2.2.4-cp311-cp311-manylinux_2_17_aarch64.manylinux2014_aarch64.whl", hash = "sha256:2fa8fa7697ad1646b5c93de1719965844e004fcad23c91228aca1cf0800044a1", size = 14373079 },
    { url = "https://files.pythonhosted.org/packages/c5/5c/ceefca458559f0ccc7a982319f37ed07b0d7b526964ae6cc61f8ad1b6119/numpy-2.2.4-cp311-cp311-manylinux_2_17_x86_64.manylinux2014_x86_64.whl", hash = "sha256:f4162988a360a29af158aeb4a2f4f09ffed6a969c9776f8f3bdee9b06a8ab7e5", size = 16428819 },
    { url = "https://files.pythonhosted.org/packages/22/31/9b2ac8eee99e001eb6add9fa27514ef5e9faf176169057a12860af52704c/numpy-2.2.4-cp311-cp311-musllinux_1_2_aarch64.whl", hash = "sha256:892c10d6a73e0f14935c31229e03325a7b3093fafd6ce0af704be7f894d95687", size = 15881470 },
    { url = "https://files.pythonhosted.org/packages/f0/dc/8569b5f25ff30484b555ad8a3f537e0225d091abec386c9420cf5f7a2976/numpy-2.2.4-cp311-cp311-musllinux_1_2_x86_64.whl", hash = "sha256:db1f1c22173ac1c58db249ae48aa7ead29f534b9a948bc56828337aa84a32ed6", size = 18218144 },
    { url = "https://files.pythonhosted.org/packages/5e/05/463c023a39bdeb9bb43a99e7dee2c664cb68d5bb87d14f92482b9f6011cc/numpy-2.2.4-cp311-cp311-win32.whl", hash = "sha256:ea2bb7e2ae9e37d96835b3576a4fa4b3a97592fbea8ef7c3587078b0068b8f09", size = 6606368 },
    { url = "https://files.pythonhosted.org/packages/8b/72/10c1d2d82101c468a28adc35de6c77b308f288cfd0b88e1070f15b98e00c/numpy-2.2.4-cp311-cp311-win_amd64.whl", hash = "sha256:f7de08cbe5551911886d1ab60de58448c6df0f67d9feb7d1fb21e9875ef95e91", size = 12947526 },
    { url = "https://files.pythonhosted.org/packages/a2/30/182db21d4f2a95904cec1a6f779479ea1ac07c0647f064dea454ec650c42/numpy-2.2.4-cp312-cp312-macosx_10_13_x86_64.whl", hash = "sha256:a7b9084668aa0f64e64bd00d27ba5146ef1c3a8835f3bd912e7a9e01326804c4", size = 20947156 },
    { url = "https://files.pythonhosted.org/packages/24/6d/9483566acfbda6c62c6bc74b6e981c777229d2af93c8eb2469b26ac1b7bc/numpy-2.2.4-cp312-cp312-macosx_11_0_arm64.whl", hash = "sha256:dbe512c511956b893d2dacd007d955a3f03d555ae05cfa3ff1c1ff6df8851854", size = 14133092 },
    { url = "https://files.pythonhosted.org/packages/27/f6/dba8a258acbf9d2bed2525cdcbb9493ef9bae5199d7a9cb92ee7e9b2aea6/numpy-2.2.4-cp312-cp312-macosx_14_0_arm64.whl", hash = "sha256:bb649f8b207ab07caebba230d851b579a3c8711a851d29efe15008e31bb4de24", size = 5163515 },
    { url = "https://files.pythonhosted.org/packages/62/30/82116199d1c249446723c68f2c9da40d7f062551036f50b8c4caa42ae252/numpy-2.2.4-cp312-cp312-macosx_14_0_x86_64.whl", hash = "sha256:f34dc300df798742b3d06515aa2a0aee20941c13579d7a2f2e10af01ae4901ee", size = 6696558 },
    { url = "https://files.pythonhosted.org/packages/0e/b2/54122b3c6df5df3e87582b2e9430f1bdb63af4023c739ba300164c9ae503/numpy-2.2.4-cp312-cp312-manylinux_2_17_aarch64.manylinux2014_aarch64.whl", hash = "sha256:c3f7ac96b16955634e223b579a3e5798df59007ca43e8d451a0e6a50f6bfdfba", size = 14084742 },
    { url = "https://files.pythonhosted.org/packages/02/e2/e2cbb8d634151aab9528ef7b8bab52ee4ab10e076509285602c2a3a686e0/numpy-2.2.4-cp312-cp312-manylinux_2_17_x86_64.manylinux2014_x86_64.whl", hash = "sha256:4f92084defa704deadd4e0a5ab1dc52d8ac9e8a8ef617f3fbb853e79b0ea3592", size = 16134051 },
    { url = "https://files.pythonhosted.org/packages/8e/21/efd47800e4affc993e8be50c1b768de038363dd88865920439ef7b422c60/numpy-2.2.4-cp312-cp312-musllinux_1_2_aarch64.whl", hash = "sha256:7a4e84a6283b36632e2a5b56e121961f6542ab886bc9e12f8f9818b3c266bfbb", size = 15578972 },
    { url = "https://files.pythonhosted.org/packages/04/1e/f8bb88f6157045dd5d9b27ccf433d016981032690969aa5c19e332b138c0/numpy-2.2.4-cp312-cp312-musllinux_1_2_x86_64.whl", hash = "sha256:11c43995255eb4127115956495f43e9343736edb7fcdb0d973defd9de14cd84f", size = 17898106 },
    { url = "https://files.pythonhosted.org/packages/2b/93/df59a5a3897c1f036ae8ff845e45f4081bb06943039ae28a3c1c7c780f22/numpy-2.2.4-cp312-cp312-win32.whl", hash = "sha256:65ef3468b53269eb5fdb3a5c09508c032b793da03251d5f8722b1194f1790c00", size = 6311190 },
    { url = "https://files.pythonhosted.org/packages/46/69/8c4f928741c2a8efa255fdc7e9097527c6dc4e4df147e3cadc5d9357ce85/numpy-2.2.4-cp312-cp312-win_amd64.whl", hash = "sha256:2aad3c17ed2ff455b8eaafe06bcdae0062a1db77cb99f4b9cbb5f4ecb13c5146", size = 12644305 },
    { url = "https://files.pythonhosted.org/packages/2a/d0/bd5ad792e78017f5decfb2ecc947422a3669a34f775679a76317af671ffc/numpy-2.2.4-cp313-cp313-macosx_10_13_x86_64.whl", hash = "sha256:1cf4e5c6a278d620dee9ddeb487dc6a860f9b199eadeecc567f777daace1e9e7", size = 20933623 },
    { url = "https://files.pythonhosted.org/packages/c3/bc/2b3545766337b95409868f8e62053135bdc7fa2ce630aba983a2aa60b559/numpy-2.2.4-cp313-cp313-macosx_11_0_arm64.whl", hash = "sha256:1974afec0b479e50438fc3648974268f972e2d908ddb6d7fb634598cdb8260a0", size = 14148681 },
    { url = "https://files.pythonhosted.org/packages/6a/70/67b24d68a56551d43a6ec9fe8c5f91b526d4c1a46a6387b956bf2d64744e/numpy-2.2.4-cp313-cp313-macosx_14_0_arm64.whl", hash = "sha256:79bd5f0a02aa16808fcbc79a9a376a147cc1045f7dfe44c6e7d53fa8b8a79392", size = 5148759 },
    { url = "https://files.pythonhosted.org/packages/1c/8b/e2fc8a75fcb7be12d90b31477c9356c0cbb44abce7ffb36be39a0017afad/numpy-2.2.4-cp313-cp313-macosx_14_0_x86_64.whl", hash = "sha256:3387dd7232804b341165cedcb90694565a6015433ee076c6754775e85d86f1fc", size = 6683092 },
    { url = "https://files.pythonhosted.org/packages/13/73/41b7b27f169ecf368b52533edb72e56a133f9e86256e809e169362553b49/numpy-2.2.4-cp313-cp313-manylinux_2_17_aarch64.manylinux2014_aarch64.whl", hash = "sha256:6f527d8fdb0286fd2fd97a2a96c6be17ba4232da346931d967a0630050dfd298", size = 14081422 },
    { url = "https://files.pythonhosted.org/packages/4b/04/e208ff3ae3ddfbafc05910f89546382f15a3f10186b1f56bd99f159689c2/numpy-2.2.4-cp313-cp313-manylinux_2_17_x86_64.manylinux2014_x86_64.whl", hash = "sha256:bce43e386c16898b91e162e5baaad90c4b06f9dcbe36282490032cec98dc8ae7", size = 16132202 },
    { url = "https://files.pythonhosted.org/packages/fe/bc/2218160574d862d5e55f803d88ddcad88beff94791f9c5f86d67bd8fbf1c/numpy-2.2.4-cp313-cp313-musllinux_1_2_aarch64.whl", hash = "sha256:31504f970f563d99f71a3512d0c01a645b692b12a63630d6aafa0939e52361e6", size = 15573131 },
    { url = "https://files.pythonhosted.org/packages/a5/78/97c775bc4f05abc8a8426436b7cb1be806a02a2994b195945600855e3a25/numpy-2.2.4-cp313-cp313-musllinux_1_2_x86_64.whl", hash = "sha256:81413336ef121a6ba746892fad881a83351ee3e1e4011f52e97fba79233611fd", size = 17894270 },
    { url = "https://files.pythonhosted.org/packages/b9/eb/38c06217a5f6de27dcb41524ca95a44e395e6a1decdc0c99fec0832ce6ae/numpy-2.2.4-cp313-cp313-win32.whl", hash = "sha256:f486038e44caa08dbd97275a9a35a283a8f1d2f0ee60ac260a1790e76660833c", size = 6308141 },
    { url = "https://files.pythonhosted.org/packages/52/17/d0dd10ab6d125c6d11ffb6dfa3423c3571befab8358d4f85cd4471964fcd/numpy-2.2.4-cp313-cp313-win_amd64.whl", hash = "sha256:207a2b8441cc8b6a2a78c9ddc64d00d20c303d79fba08c577752f080c4007ee3", size = 12636885 },
    { url = "https://files.pythonhosted.org/packages/fa/e2/793288ede17a0fdc921172916efb40f3cbc2aa97e76c5c84aba6dc7e8747/numpy-2.2.4-cp313-cp313t-macosx_10_13_x86_64.whl", hash = "sha256:8120575cb4882318c791f839a4fd66161a6fa46f3f0a5e613071aae35b5dd8f8", size = 20961829 },
    { url = "https://files.pythonhosted.org/packages/3a/75/bb4573f6c462afd1ea5cbedcc362fe3e9bdbcc57aefd37c681be1155fbaa/numpy-2.2.4-cp313-cp313t-macosx_11_0_arm64.whl", hash = "sha256:a761ba0fa886a7bb33c6c8f6f20213735cb19642c580a931c625ee377ee8bd39", size = 14161419 },
    { url = "https://files.pythonhosted.org/packages/03/68/07b4cd01090ca46c7a336958b413cdbe75002286295f2addea767b7f16c9/numpy-2.2.4-cp313-cp313t-macosx_14_0_arm64.whl", hash = "sha256:ac0280f1ba4a4bfff363a99a6aceed4f8e123f8a9b234c89140f5e894e452ecd", size = 5196414 },
    { url = "https://files.pythonhosted.org/packages/a5/fd/d4a29478d622fedff5c4b4b4cedfc37a00691079623c0575978d2446db9e/numpy-2.2.4-cp313-cp313t-macosx_14_0_x86_64.whl", hash = "sha256:879cf3a9a2b53a4672a168c21375166171bc3932b7e21f622201811c43cdd3b0", size = 6709379 },
    { url = "https://files.pythonhosted.org/packages/41/78/96dddb75bb9be730b87c72f30ffdd62611aba234e4e460576a068c98eff6/numpy-2.2.4-cp313-cp313t-manylinux_2_17_aarch64.manylinux2014_aarch64.whl", hash = "sha256:f05d4198c1bacc9124018109c5fba2f3201dbe7ab6e92ff100494f236209c960", size = 14051725 },
    { url = "https://files.pythonhosted.org/packages/00/06/5306b8199bffac2a29d9119c11f457f6c7d41115a335b78d3f86fad4dbe8/numpy-2.2.4-cp313-cp313t-manylinux_2_17_x86_64.manylinux2014_x86_64.whl", hash = "sha256:e2f085ce2e813a50dfd0e01fbfc0c12bbe5d2063d99f8b29da30e544fb6483b8", size = 16101638 },
    { url = "https://files.pythonhosted.org/packages/fa/03/74c5b631ee1ded596945c12027649e6344614144369fd3ec1aaced782882/numpy-2.2.4-cp313-cp313t-musllinux_1_2_aarch64.whl", hash = "sha256:92bda934a791c01d6d9d8e038363c50918ef7c40601552a58ac84c9613a665bc", size = 15571717 },
    { url = "https://files.pythonhosted.org/packages/cb/dc/4fc7c0283abe0981e3b89f9b332a134e237dd476b0c018e1e21083310c31/numpy-2.2.4-cp313-cp313t-musllinux_1_2_x86_64.whl", hash = "sha256:ee4d528022f4c5ff67332469e10efe06a267e32f4067dc76bb7e2cddf3cd25ff", size = 17879998 },
    { url = "https://files.pythonhosted.org/packages/e5/2b/878576190c5cfa29ed896b518cc516aecc7c98a919e20706c12480465f43/numpy-2.2.4-cp313-cp313t-win32.whl", hash = "sha256:05c076d531e9998e7e694c36e8b349969c56eadd2cdcd07242958489d79a7286", size = 6366896 },
    { url = "https://files.pythonhosted.org/packages/3e/05/eb7eec66b95cf697f08c754ef26c3549d03ebd682819f794cb039574a0a6/numpy-2.2.4-cp313-cp313t-win_amd64.whl", hash = "sha256:188dcbca89834cc2e14eb2f106c96d6d46f200fe0200310fc29089657379c58d", size = 12739119 },
    { url = "https://files.pythonhosted.org/packages/b2/5c/f09c33a511aff41a098e6ef3498465d95f6360621034a3d95f47edbc9119/numpy-2.2.4-pp310-pypy310_pp73-macosx_10_15_x86_64.whl", hash = "sha256:7051ee569db5fbac144335e0f3b9c2337e0c8d5c9fee015f259a5bd70772b7e8", size = 21081956 },
    { url = "https://files.pythonhosted.org/packages/ba/30/74c48b3b6494c4b820b7fa1781d441e94d87a08daa5b35d222f06ba41a6f/numpy-2.2.4-pp310-pypy310_pp73-macosx_14_0_x86_64.whl", hash = "sha256:ab2939cd5bec30a7430cbdb2287b63151b77cf9624de0532d629c9a1c59b1d5c", size = 6827143 },
    { url = "https://files.pythonhosted.org/packages/54/f5/ab0d2f48b490535c7a80e05da4a98902b632369efc04f0e47bb31ca97d8f/numpy-2.2.4-pp310-pypy310_pp73-manylinux_2_17_x86_64.manylinux2014_x86_64.whl", hash = "sha256:d0f35b19894a9e08639fd60a1ec1978cb7f5f7f1eace62f38dd36be8aecdef4d", size = 16233350 },
    { url = "https://files.pythonhosted.org/packages/3b/3a/2f6d8c1f8e45d496bca6baaec93208035faeb40d5735c25afac092ec9a12/numpy-2.2.4-pp310-pypy310_pp73-win_amd64.whl", hash = "sha256:b4adfbbc64014976d2f91084915ca4e626fbf2057fb81af209c1a6d776d23e3d", size = 12857565 },
]

[[package]]
name = "parallelbar"
version = "2.5"
source = { registry = "https://pypi.org/simple" }
dependencies = [
    { name = "colorama" },
    { name = "tqdm" },
]
sdist = { url = "https://files.pythonhosted.org/packages/5b/18/19433eed67f4eae47983f265b289bb67fe0d0ae5174cf7a1eff35e0380b9/parallelbar-2.5.tar.gz", hash = "sha256:0922b090384dc798108a8e936a8a9e08fdaa6dadc1ccf1178ff66f9dac09465e", size = 15134 }
wheels = [
    { url = "https://files.pythonhosted.org/packages/81/b6/100d5811cb60bfc13626910cb48872b8ca53f1dcaf2127aac71185575a7f/parallelbar-2.5-py3-none-any.whl", hash = "sha256:2aba5064e313cdd2fe49350db512ed0d4bc779f43e370e51c44d2bac347af43e", size = 11680 },
]

[[package]]
name = "tqdm"
version = "4.67.1"
source = { registry = "https://pypi.org/simple" }
dependencies = [
    { name = "colorama", marker = "sys_platform == 'win32'" },
]
sdist = { url = "https://files.pythonhosted.org/packages/a8/4b/29b4ef32e036bb34e4ab51796dd745cdba7ed47ad142a9f4a1eb8e0c744d/tqdm-4.67.1.tar.gz", hash = "sha256:f8aef9c52c08c13a65f30ea34f4e5aac3fd1a34959879d7e59e63027286627f2", size = 169737 }
wheels = [
    { url = "https://files.pythonhosted.org/packages/d0/30/dc54f88dd4a2b5dc8a0279bdd7270e735851848b762aeb1c1184ed1f6b14/tqdm-4.67.1-py3-none-any.whl", hash = "sha256:26445eca388f82e72884e0d580d5464cd801a3ea01e63e5601bdff9ba6a48de2", size = 78540 },
]
